// !$*UTF8*$!
{
	archiveVersion = 1;
	classes = {
	};
	objectVersion = 50;
	objects = {

/* Begin PBXBuildFile section */
		6589C0FB10697394D92BABC3 /* Pods_NarcosWiki_NarcosWikiUITests.framework in Frameworks */ = {isa = PBXBuildFile; fileRef = 972182FAFA5B42CBD782EEC3 /* Pods_NarcosWiki_NarcosWikiUITests.framework */; };
		8155EE0B254DF4C30044048F /* AppDelegate.swift in Sources */ = {isa = PBXBuildFile; fileRef = 8155EE0A254DF4C30044048F /* AppDelegate.swift */; };
		8155EE0D254DF4C30044048F /* SceneDelegate.swift in Sources */ = {isa = PBXBuildFile; fileRef = 8155EE0C254DF4C30044048F /* SceneDelegate.swift */; };
		8155EE14254DF4CD0044048F /* Assets.xcassets in Resources */ = {isa = PBXBuildFile; fileRef = 8155EE13254DF4CD0044048F /* Assets.xcassets */; };
		8155EE17254DF4CD0044048F /* LaunchScreen.storyboard in Resources */ = {isa = PBXBuildFile; fileRef = 8155EE15254DF4CD0044048F /* LaunchScreen.storyboard */; };
		8155EE22254DF4CD0044048F /* NarcosWikiTests.swift in Sources */ = {isa = PBXBuildFile; fileRef = 8155EE21254DF4CD0044048F /* NarcosWikiTests.swift */; };
		8155EE2D254DF4CD0044048F /* NarcosWikiUITests.swift in Sources */ = {isa = PBXBuildFile; fileRef = 8155EE2C254DF4CD0044048F /* NarcosWikiUITests.swift */; };
		8155EE43254DF6880044048F /* TabBarController.swift in Sources */ = {isa = PBXBuildFile; fileRef = 8155EE42254DF6880044048F /* TabBarController.swift */; };
		8155EE54254DF8200044048F /* AppCoordinator.swift in Sources */ = {isa = PBXBuildFile; fileRef = 8155EE53254DF8200044048F /* AppCoordinator.swift */; };
		8155EE5C254DF8420044048F /* Coordinator.swift in Sources */ = {isa = PBXBuildFile; fileRef = 8155EE5B254DF8420044048F /* Coordinator.swift */; };
		8155EE61254DF8EE0044048F /* TabBarCoordinator.swift in Sources */ = {isa = PBXBuildFile; fileRef = 8155EE60254DF8EE0044048F /* TabBarCoordinator.swift */; };
		8155EE66254DF9790044048F /* CartelsCoordinator.swift in Sources */ = {isa = PBXBuildFile; fileRef = 8155EE65254DF9790044048F /* CartelsCoordinator.swift */; };
		8155EE6C254DF98A0044048F /* CharactersCoordinator.swift in Sources */ = {isa = PBXBuildFile; fileRef = 8155EE6B254DF98A0044048F /* CharactersCoordinator.swift */; };
		8155EE79254DFB3E0044048F /* CartelsTableViewController.swift in Sources */ = {isa = PBXBuildFile; fileRef = 8155EE78254DFB3E0044048F /* CartelsTableViewController.swift */; };
		8155EE8A254E076E0044048F /* CartelsViewModel.swift in Sources */ = {isa = PBXBuildFile; fileRef = 8155EE89254E076E0044048F /* CartelsViewModel.swift */; };
		8155EE90254E08430044048F /* CartelsRepository.swift in Sources */ = {isa = PBXBuildFile; fileRef = 8155EE8F254E08430044048F /* CartelsRepository.swift */; };
		8155EE96254E08E30044048F /* Repository.swift in Sources */ = {isa = PBXBuildFile; fileRef = 8155EE95254E08E30044048F /* Repository.swift */; };
		8155EE9C254E09440044048F /* Cartel.swift in Sources */ = {isa = PBXBuildFile; fileRef = 8155EE9B254E09440044048F /* Cartel.swift */; };
		8155EEA1254E09570044048F /* Cartels.swift in Sources */ = {isa = PBXBuildFile; fileRef = 8155EEA0254E09570044048F /* Cartels.swift */; };
		8155EEA7254E09F00044048F /* Character.swift in Sources */ = {isa = PBXBuildFile; fileRef = 8155EEA6254E09F00044048F /* Character.swift */; };
		8155EEAF254E09FE0044048F /* ImageUrl.swift in Sources */ = {isa = PBXBuildFile; fileRef = 8155EEAE254E09FE0044048F /* ImageUrl.swift */; };
		8155EEB4254E0A110044048F /* Appearences.swift in Sources */ = {isa = PBXBuildFile; fileRef = 8155EEB3254E0A110044048F /* Appearences.swift */; };
		8155EEB9254E0A1F0044048F /* Career.swift in Sources */ = {isa = PBXBuildFile; fileRef = 8155EEB8254E0A1F0044048F /* Career.swift */; };
		8155EECA254E0DD70044048F /* ViewModel.swift in Sources */ = {isa = PBXBuildFile; fileRef = 8155EEC9254E0DD70044048F /* ViewModel.swift */; };
		8D560F32FB172C32B79C27DB /* Pods_NarcosWikiTests.framework in Frameworks */ = {isa = PBXBuildFile; fileRef = FA2B06CB4FA87BE02F597093 /* Pods_NarcosWikiTests.framework */; };
		DDFE3AFBEB43C87E1CE28349 /* Pods_NarcosWiki.framework in Frameworks */ = {isa = PBXBuildFile; fileRef = AA38697CEAF44E14EF399652 /* Pods_NarcosWiki.framework */; };
/* End PBXBuildFile section */

/* Begin PBXContainerItemProxy section */
		8155EE1E254DF4CD0044048F /* PBXContainerItemProxy */ = {
			isa = PBXContainerItemProxy;
			containerPortal = 8155EDFF254DF4C30044048F /* Project object */;
			proxyType = 1;
			remoteGlobalIDString = 8155EE06254DF4C30044048F;
			remoteInfo = NarcosWiki;
		};
		8155EE29254DF4CD0044048F /* PBXContainerItemProxy */ = {
			isa = PBXContainerItemProxy;
			containerPortal = 8155EDFF254DF4C30044048F /* Project object */;
			proxyType = 1;
			remoteGlobalIDString = 8155EE06254DF4C30044048F;
			remoteInfo = NarcosWiki;
		};
/* End PBXContainerItemProxy section */

/* Begin PBXFileReference section */
		193FB65C7E7342001302FA3A /* Pods-NarcosWikiTests.debug.xcconfig */ = {isa = PBXFileReference; includeInIndex = 1; lastKnownFileType = text.xcconfig; name = "Pods-NarcosWikiTests.debug.xcconfig"; path = "Target Support Files/Pods-NarcosWikiTests/Pods-NarcosWikiTests.debug.xcconfig"; sourceTree = "<group>"; };
		525FB05C4C1DB0006F16901F /* Pods-NarcosWiki.release.xcconfig */ = {isa = PBXFileReference; includeInIndex = 1; lastKnownFileType = text.xcconfig; name = "Pods-NarcosWiki.release.xcconfig"; path = "Target Support Files/Pods-NarcosWiki/Pods-NarcosWiki.release.xcconfig"; sourceTree = "<group>"; };
		66AE107409BFB167047F4D0B /* Pods-NarcosWiki-NarcosWikiUITests.release.xcconfig */ = {isa = PBXFileReference; includeInIndex = 1; lastKnownFileType = text.xcconfig; name = "Pods-NarcosWiki-NarcosWikiUITests.release.xcconfig"; path = "Target Support Files/Pods-NarcosWiki-NarcosWikiUITests/Pods-NarcosWiki-NarcosWikiUITests.release.xcconfig"; sourceTree = "<group>"; };
		784034B9C58E249A82E4C41C /* Pods-NarcosWikiTests.release.xcconfig */ = {isa = PBXFileReference; includeInIndex = 1; lastKnownFileType = text.xcconfig; name = "Pods-NarcosWikiTests.release.xcconfig"; path = "Target Support Files/Pods-NarcosWikiTests/Pods-NarcosWikiTests.release.xcconfig"; sourceTree = "<group>"; };
		8155EE07254DF4C30044048F /* NarcosWiki.app */ = {isa = PBXFileReference; explicitFileType = wrapper.application; includeInIndex = 0; path = NarcosWiki.app; sourceTree = BUILT_PRODUCTS_DIR; };
		8155EE0A254DF4C30044048F /* AppDelegate.swift */ = {isa = PBXFileReference; lastKnownFileType = sourcecode.swift; path = AppDelegate.swift; sourceTree = "<group>"; };
		8155EE0C254DF4C30044048F /* SceneDelegate.swift */ = {isa = PBXFileReference; lastKnownFileType = sourcecode.swift; path = SceneDelegate.swift; sourceTree = "<group>"; };
		8155EE13254DF4CD0044048F /* Assets.xcassets */ = {isa = PBXFileReference; lastKnownFileType = folder.assetcatalog; path = Assets.xcassets; sourceTree = "<group>"; };
		8155EE16254DF4CD0044048F /* Base */ = {isa = PBXFileReference; lastKnownFileType = file.storyboard; name = Base; path = Base.lproj/LaunchScreen.storyboard; sourceTree = "<group>"; };
		8155EE18254DF4CD0044048F /* Info.plist */ = {isa = PBXFileReference; lastKnownFileType = text.plist.xml; path = Info.plist; sourceTree = "<group>"; };
		8155EE1D254DF4CD0044048F /* NarcosWikiTests.xctest */ = {isa = PBXFileReference; explicitFileType = wrapper.cfbundle; includeInIndex = 0; path = NarcosWikiTests.xctest; sourceTree = BUILT_PRODUCTS_DIR; };
		8155EE21254DF4CD0044048F /* NarcosWikiTests.swift */ = {isa = PBXFileReference; lastKnownFileType = sourcecode.swift; path = NarcosWikiTests.swift; sourceTree = "<group>"; };
		8155EE23254DF4CD0044048F /* Info.plist */ = {isa = PBXFileReference; lastKnownFileType = text.plist.xml; path = Info.plist; sourceTree = "<group>"; };
		8155EE28254DF4CD0044048F /* NarcosWikiUITests.xctest */ = {isa = PBXFileReference; explicitFileType = wrapper.cfbundle; includeInIndex = 0; path = NarcosWikiUITests.xctest; sourceTree = BUILT_PRODUCTS_DIR; };
		8155EE2C254DF4CD0044048F /* NarcosWikiUITests.swift */ = {isa = PBXFileReference; lastKnownFileType = sourcecode.swift; path = NarcosWikiUITests.swift; sourceTree = "<group>"; };
		8155EE2E254DF4CD0044048F /* Info.plist */ = {isa = PBXFileReference; lastKnownFileType = text.plist.xml; path = Info.plist; sourceTree = "<group>"; };
		8155EE42254DF6880044048F /* TabBarController.swift */ = {isa = PBXFileReference; lastKnownFileType = sourcecode.swift; path = TabBarController.swift; sourceTree = "<group>"; };
		8155EE53254DF8200044048F /* AppCoordinator.swift */ = {isa = PBXFileReference; lastKnownFileType = sourcecode.swift; path = AppCoordinator.swift; sourceTree = "<group>"; };
		8155EE5B254DF8420044048F /* Coordinator.swift */ = {isa = PBXFileReference; lastKnownFileType = sourcecode.swift; path = Coordinator.swift; sourceTree = "<group>"; };
		8155EE60254DF8EE0044048F /* TabBarCoordinator.swift */ = {isa = PBXFileReference; lastKnownFileType = sourcecode.swift; path = TabBarCoordinator.swift; sourceTree = "<group>"; };
		8155EE65254DF9790044048F /* CartelsCoordinator.swift */ = {isa = PBXFileReference; lastKnownFileType = sourcecode.swift; path = CartelsCoordinator.swift; sourceTree = "<group>"; };
		8155EE6B254DF98A0044048F /* CharactersCoordinator.swift */ = {isa = PBXFileReference; lastKnownFileType = sourcecode.swift; path = CharactersCoordinator.swift; sourceTree = "<group>"; };
		8155EE78254DFB3E0044048F /* CartelsTableViewController.swift */ = {isa = PBXFileReference; lastKnownFileType = sourcecode.swift; path = CartelsTableViewController.swift; sourceTree = "<group>"; };
		8155EE89254E076E0044048F /* CartelsViewModel.swift */ = {isa = PBXFileReference; lastKnownFileType = sourcecode.swift; path = CartelsViewModel.swift; sourceTree = "<group>"; };
		8155EE8F254E08430044048F /* CartelsRepository.swift */ = {isa = PBXFileReference; lastKnownFileType = sourcecode.swift; path = CartelsRepository.swift; sourceTree = "<group>"; };
		8155EE95254E08E30044048F /* Repository.swift */ = {isa = PBXFileReference; lastKnownFileType = sourcecode.swift; path = Repository.swift; sourceTree = "<group>"; };
		8155EE9B254E09440044048F /* Cartel.swift */ = {isa = PBXFileReference; lastKnownFileType = sourcecode.swift; path = Cartel.swift; sourceTree = "<group>"; };
		8155EEA0254E09570044048F /* Cartels.swift */ = {isa = PBXFileReference; lastKnownFileType = sourcecode.swift; path = Cartels.swift; sourceTree = "<group>"; };
		8155EEA6254E09F00044048F /* Character.swift */ = {isa = PBXFileReference; lastKnownFileType = sourcecode.swift; path = Character.swift; sourceTree = "<group>"; };
		8155EEAE254E09FE0044048F /* ImageUrl.swift */ = {isa = PBXFileReference; lastKnownFileType = sourcecode.swift; path = ImageUrl.swift; sourceTree = "<group>"; };
		8155EEB3254E0A110044048F /* Appearences.swift */ = {isa = PBXFileReference; lastKnownFileType = sourcecode.swift; path = Appearences.swift; sourceTree = "<group>"; };
		8155EEB8254E0A1F0044048F /* Career.swift */ = {isa = PBXFileReference; lastKnownFileType = sourcecode.swift; path = Career.swift; sourceTree = "<group>"; };
		8155EEC9254E0DD70044048F /* ViewModel.swift */ = {isa = PBXFileReference; lastKnownFileType = sourcecode.swift; path = ViewModel.swift; sourceTree = "<group>"; };
		972182FAFA5B42CBD782EEC3 /* Pods_NarcosWiki_NarcosWikiUITests.framework */ = {isa = PBXFileReference; explicitFileType = wrapper.framework; includeInIndex = 0; path = Pods_NarcosWiki_NarcosWikiUITests.framework; sourceTree = BUILT_PRODUCTS_DIR; };
		AA38697CEAF44E14EF399652 /* Pods_NarcosWiki.framework */ = {isa = PBXFileReference; explicitFileType = wrapper.framework; includeInIndex = 0; path = Pods_NarcosWiki.framework; sourceTree = BUILT_PRODUCTS_DIR; };
		BCDCF7A91F4ABA70A28BD34A /* Pods-NarcosWiki.debug.xcconfig */ = {isa = PBXFileReference; includeInIndex = 1; lastKnownFileType = text.xcconfig; name = "Pods-NarcosWiki.debug.xcconfig"; path = "Target Support Files/Pods-NarcosWiki/Pods-NarcosWiki.debug.xcconfig"; sourceTree = "<group>"; };
		C22BB729D46BCE8EB56E2724 /* Pods-NarcosWiki-NarcosWikiUITests.debug.xcconfig */ = {isa = PBXFileReference; includeInIndex = 1; lastKnownFileType = text.xcconfig; name = "Pods-NarcosWiki-NarcosWikiUITests.debug.xcconfig"; path = "Target Support Files/Pods-NarcosWiki-NarcosWikiUITests/Pods-NarcosWiki-NarcosWikiUITests.debug.xcconfig"; sourceTree = "<group>"; };
		FA2B06CB4FA87BE02F597093 /* Pods_NarcosWikiTests.framework */ = {isa = PBXFileReference; explicitFileType = wrapper.framework; includeInIndex = 0; path = Pods_NarcosWikiTests.framework; sourceTree = BUILT_PRODUCTS_DIR; };
/* End PBXFileReference section */

/* Begin PBXFrameworksBuildPhase section */
		8155EE04254DF4C30044048F /* Frameworks */ = {
			isa = PBXFrameworksBuildPhase;
			buildActionMask = 2147483647;
			files = (
				DDFE3AFBEB43C87E1CE28349 /* Pods_NarcosWiki.framework in Frameworks */,
			);
			runOnlyForDeploymentPostprocessing = 0;
		};
		8155EE1A254DF4CD0044048F /* Frameworks */ = {
			isa = PBXFrameworksBuildPhase;
			buildActionMask = 2147483647;
			files = (
				8D560F32FB172C32B79C27DB /* Pods_NarcosWikiTests.framework in Frameworks */,
			);
			runOnlyForDeploymentPostprocessing = 0;
		};
		8155EE25254DF4CD0044048F /* Frameworks */ = {
			isa = PBXFrameworksBuildPhase;
			buildActionMask = 2147483647;
			files = (
				6589C0FB10697394D92BABC3 /* Pods_NarcosWiki_NarcosWikiUITests.framework in Frameworks */,
			);
			runOnlyForDeploymentPostprocessing = 0;
		};
/* End PBXFrameworksBuildPhase section */

/* Begin PBXGroup section */
		2B58F6BEC6F7D5E708A37BB4 /* Pods */ = {
			isa = PBXGroup;
			children = (
				BCDCF7A91F4ABA70A28BD34A /* Pods-NarcosWiki.debug.xcconfig */,
				525FB05C4C1DB0006F16901F /* Pods-NarcosWiki.release.xcconfig */,
				C22BB729D46BCE8EB56E2724 /* Pods-NarcosWiki-NarcosWikiUITests.debug.xcconfig */,
				66AE107409BFB167047F4D0B /* Pods-NarcosWiki-NarcosWikiUITests.release.xcconfig */,
				193FB65C7E7342001302FA3A /* Pods-NarcosWikiTests.debug.xcconfig */,
				784034B9C58E249A82E4C41C /* Pods-NarcosWikiTests.release.xcconfig */,
			);
			path = Pods;
			sourceTree = "<group>";
		};
		8155EDFE254DF4C30044048F = {
			isa = PBXGroup;
			children = (
				8155EE09254DF4C30044048F /* NarcosWiki */,
				8155EE20254DF4CD0044048F /* NarcosWikiTests */,
				8155EE2B254DF4CD0044048F /* NarcosWikiUITests */,
				8155EE08254DF4C30044048F /* Products */,
				2B58F6BEC6F7D5E708A37BB4 /* Pods */,
				F271DF28071A6570FB2987E6 /* Frameworks */,
			);
			sourceTree = "<group>";
		};
		8155EE08254DF4C30044048F /* Products */ = {
			isa = PBXGroup;
			children = (
				8155EE07254DF4C30044048F /* NarcosWiki.app */,
				8155EE1D254DF4CD0044048F /* NarcosWikiTests.xctest */,
				8155EE28254DF4CD0044048F /* NarcosWikiUITests.xctest */,
			);
			name = Products;
			sourceTree = "<group>";
		};
		8155EE09254DF4C30044048F /* NarcosWiki */ = {
			isa = PBXGroup;
			children = (
				8155EE52254DF80D0044048F /* Coordinator */,
				8155EE40254DF6550044048F /* Scenes */,
				8155EE0A254DF4C30044048F /* AppDelegate.swift */,
				8155EE0C254DF4C30044048F /* SceneDelegate.swift */,
				8155EE13254DF4CD0044048F /* Assets.xcassets */,
				8155EE15254DF4CD0044048F /* LaunchScreen.storyboard */,
				8155EE18254DF4CD0044048F /* Info.plist */,
			);
			path = NarcosWiki;
			sourceTree = "<group>";
		};
		8155EE20254DF4CD0044048F /* NarcosWikiTests */ = {
			isa = PBXGroup;
			children = (
				8155EE21254DF4CD0044048F /* NarcosWikiTests.swift */,
				8155EE23254DF4CD0044048F /* Info.plist */,
			);
			path = NarcosWikiTests;
			sourceTree = "<group>";
		};
		8155EE2B254DF4CD0044048F /* NarcosWikiUITests */ = {
			isa = PBXGroup;
			children = (
				8155EE2C254DF4CD0044048F /* NarcosWikiUITests.swift */,
				8155EE2E254DF4CD0044048F /* Info.plist */,
			);
			path = NarcosWikiUITests;
			sourceTree = "<group>";
		};
		8155EE40254DF6550044048F /* Scenes */ = {
			isa = PBXGroup;
			children = (
				8155EE74254DFA1A0044048F /* Characters */,
				8155EE73254DFA0E0044048F /* Cartels */,
				8155EE41254DF65C0044048F /* Shared */,
			);
			path = Scenes;
			sourceTree = "<group>";
		};
		8155EE41254DF65C0044048F /* Shared */ = {
			isa = PBXGroup;
			children = (
				8155EEC8254E0DC60044048F /* ViewModel */,
				8155EEA5254E09AE0044048F /* Model */,
				8155EE94254E08590044048F /* Repository */,
				8155EE42254DF6880044048F /* TabBarController.swift */,
			);
			path = Shared;
			sourceTree = "<group>";
		};
		8155EE52254DF80D0044048F /* Coordinator */ = {
			isa = PBXGroup;
			children = (
				8155EE53254DF8200044048F /* AppCoordinator.swift */,
				8155EE5B254DF8420044048F /* Coordinator.swift */,
				8155EE60254DF8EE0044048F /* TabBarCoordinator.swift */,
				8155EE65254DF9790044048F /* CartelsCoordinator.swift */,
				8155EE6B254DF98A0044048F /* CharactersCoordinator.swift */,
			);
			path = Coordinator;
			sourceTree = "<group>";
		};
		8155EE73254DFA0E0044048F /* Cartels */ = {
			isa = PBXGroup;
			children = (
				8155EE9A254E09240044048F /* Model */,
				8155EE8E254E08330044048F /* Repository */,
				8155EE77254DFA3F0044048F /* ViewModel */,
				8155EE76254DFA350044048F /* View */,
				8155EE75254DFA2E0044048F /* Controller */,
			);
			path = Cartels;
			sourceTree = "<group>";
		};
		8155EE74254DFA1A0044048F /* Characters */ = {
			isa = PBXGroup;
			children = (
			);
			path = Characters;
			sourceTree = "<group>";
		};
		8155EE75254DFA2E0044048F /* Controller */ = {
			isa = PBXGroup;
			children = (
				8155EE78254DFB3E0044048F /* CartelsTableViewController.swift */,
			);
			path = Controller;
			sourceTree = "<group>";
		};
		8155EE76254DFA350044048F /* View */ = {
			isa = PBXGroup;
			children = (
			);
			path = View;
			sourceTree = "<group>";
		};
		8155EE77254DFA3F0044048F /* ViewModel */ = {
			isa = PBXGroup;
			children = (
				8155EE89254E076E0044048F /* CartelsViewModel.swift */,
			);
			path = ViewModel;
			sourceTree = "<group>";
		};
		8155EE8E254E08330044048F /* Repository */ = {
			isa = PBXGroup;
			children = (
				8155EE8F254E08430044048F /* CartelsRepository.swift */,
			);
			path = Repository;
			sourceTree = "<group>";
		};
		8155EE94254E08590044048F /* Repository */ = {
			isa = PBXGroup;
			children = (
				8155EE95254E08E30044048F /* Repository.swift */,
			);
			path = Repository;
			sourceTree = "<group>";
		};
		8155EE9A254E09240044048F /* Model */ = {
			isa = PBXGroup;
			children = (
				8155EEA0254E09570044048F /* Cartels.swift */,
			);
			path = Model;
			sourceTree = "<group>";
		};
		8155EEA5254E09AE0044048F /* Model */ = {
			isa = PBXGroup;
			children = (
				8155EE9B254E09440044048F /* Cartel.swift */,
				8155EEA6254E09F00044048F /* Character.swift */,
				8155EEAE254E09FE0044048F /* ImageUrl.swift */,
				8155EEB3254E0A110044048F /* Appearences.swift */,
				8155EEB8254E0A1F0044048F /* Career.swift */,
			);
			path = Model;
			sourceTree = "<group>";
		};
		8155EEC8254E0DC60044048F /* ViewModel */ = {
			isa = PBXGroup;
			children = (
				8155EEC9254E0DD70044048F /* ViewModel.swift */,
			);
			path = ViewModel;
			sourceTree = "<group>";
		};
		F271DF28071A6570FB2987E6 /* Frameworks */ = {
			isa = PBXGroup;
			children = (
				AA38697CEAF44E14EF399652 /* Pods_NarcosWiki.framework */,
				972182FAFA5B42CBD782EEC3 /* Pods_NarcosWiki_NarcosWikiUITests.framework */,
				FA2B06CB4FA87BE02F597093 /* Pods_NarcosWikiTests.framework */,
			);
			name = Frameworks;
			sourceTree = "<group>";
		};
/* End PBXGroup section */

/* Begin PBXNativeTarget section */
		8155EE06254DF4C30044048F /* NarcosWiki */ = {
			isa = PBXNativeTarget;
			buildConfigurationList = 8155EE31254DF4CD0044048F /* Build configuration list for PBXNativeTarget "NarcosWiki" */;
			buildPhases = (
				EC3403107F1692AC62E9555A /* [CP] Check Pods Manifest.lock */,
				8155EE03254DF4C30044048F /* Sources */,
				8155EE04254DF4C30044048F /* Frameworks */,
				8155EE05254DF4C30044048F /* Resources */,
			);
			buildRules = (
			);
			dependencies = (
			);
			name = NarcosWiki;
			productName = NarcosWiki;
			productReference = 8155EE07254DF4C30044048F /* NarcosWiki.app */;
			productType = "com.apple.product-type.application";
		};
		8155EE1C254DF4CD0044048F /* NarcosWikiTests */ = {
			isa = PBXNativeTarget;
			buildConfigurationList = 8155EE34254DF4CD0044048F /* Build configuration list for PBXNativeTarget "NarcosWikiTests" */;
			buildPhases = (
				83553D27BAD14D029B2C6BA4 /* [CP] Check Pods Manifest.lock */,
				8155EE19254DF4CD0044048F /* Sources */,
				8155EE1A254DF4CD0044048F /* Frameworks */,
				8155EE1B254DF4CD0044048F /* Resources */,
			);
			buildRules = (
			);
			dependencies = (
				8155EE1F254DF4CD0044048F /* PBXTargetDependency */,
			);
			name = NarcosWikiTests;
			productName = NarcosWikiTests;
			productReference = 8155EE1D254DF4CD0044048F /* NarcosWikiTests.xctest */;
			productType = "com.apple.product-type.bundle.unit-test";
		};
		8155EE27254DF4CD0044048F /* NarcosWikiUITests */ = {
			isa = PBXNativeTarget;
			buildConfigurationList = 8155EE37254DF4CD0044048F /* Build configuration list for PBXNativeTarget "NarcosWikiUITests" */;
			buildPhases = (
				50D228730136D56B499680F6 /* [CP] Check Pods Manifest.lock */,
				8155EE24254DF4CD0044048F /* Sources */,
				8155EE25254DF4CD0044048F /* Frameworks */,
				8155EE26254DF4CD0044048F /* Resources */,
			);
			buildRules = (
			);
			dependencies = (
				8155EE2A254DF4CD0044048F /* PBXTargetDependency */,
			);
			name = NarcosWikiUITests;
			productName = NarcosWikiUITests;
			productReference = 8155EE28254DF4CD0044048F /* NarcosWikiUITests.xctest */;
			productType = "com.apple.product-type.bundle.ui-testing";
		};
/* End PBXNativeTarget section */

/* Begin PBXProject section */
		8155EDFF254DF4C30044048F /* Project object */ = {
			isa = PBXProject;
			attributes = {
				LastSwiftUpdateCheck = 1210;
				LastUpgradeCheck = 1210;
				TargetAttributes = {
					8155EE06254DF4C30044048F = {
						CreatedOnToolsVersion = 12.1;
					};
					8155EE1C254DF4CD0044048F = {
						CreatedOnToolsVersion = 12.1;
						TestTargetID = 8155EE06254DF4C30044048F;
					};
					8155EE27254DF4CD0044048F = {
						CreatedOnToolsVersion = 12.1;
						TestTargetID = 8155EE06254DF4C30044048F;
					};
				};
			};
			buildConfigurationList = 8155EE02254DF4C30044048F /* Build configuration list for PBXProject "NarcosWiki" */;
			compatibilityVersion = "Xcode 9.3";
			developmentRegion = en;
			hasScannedForEncodings = 0;
			knownRegions = (
				en,
				Base,
			);
			mainGroup = 8155EDFE254DF4C30044048F;
			productRefGroup = 8155EE08254DF4C30044048F /* Products */;
			projectDirPath = "";
			projectRoot = "";
			targets = (
				8155EE06254DF4C30044048F /* NarcosWiki */,
				8155EE1C254DF4CD0044048F /* NarcosWikiTests */,
				8155EE27254DF4CD0044048F /* NarcosWikiUITests */,
			);
		};
/* End PBXProject section */

/* Begin PBXResourcesBuildPhase section */
		8155EE05254DF4C30044048F /* Resources */ = {
			isa = PBXResourcesBuildPhase;
			buildActionMask = 2147483647;
			files = (
				8155EE17254DF4CD0044048F /* LaunchScreen.storyboard in Resources */,
				8155EE14254DF4CD0044048F /* Assets.xcassets in Resources */,
			);
			runOnlyForDeploymentPostprocessing = 0;
		};
		8155EE1B254DF4CD0044048F /* Resources */ = {
			isa = PBXResourcesBuildPhase;
			buildActionMask = 2147483647;
			files = (
			);
			runOnlyForDeploymentPostprocessing = 0;
		};
		8155EE26254DF4CD0044048F /* Resources */ = {
			isa = PBXResourcesBuildPhase;
			buildActionMask = 2147483647;
			files = (
			);
			runOnlyForDeploymentPostprocessing = 0;
		};
/* End PBXResourcesBuildPhase section */

/* Begin PBXShellScriptBuildPhase section */
		50D228730136D56B499680F6 /* [CP] Check Pods Manifest.lock */ = {
			isa = PBXShellScriptBuildPhase;
			buildActionMask = 2147483647;
			files = (
			);
			inputFileListPaths = (
			);
			inputPaths = (
				"${PODS_PODFILE_DIR_PATH}/Podfile.lock",
				"${PODS_ROOT}/Manifest.lock",
			);
			name = "[CP] Check Pods Manifest.lock";
			outputFileListPaths = (
			);
			outputPaths = (
				"$(DERIVED_FILE_DIR)/Pods-NarcosWiki-NarcosWikiUITests-checkManifestLockResult.txt",
			);
			runOnlyForDeploymentPostprocessing = 0;
			shellPath = /bin/sh;
			shellScript = "diff \"${PODS_PODFILE_DIR_PATH}/Podfile.lock\" \"${PODS_ROOT}/Manifest.lock\" > /dev/null\nif [ $? != 0 ] ; then\n    # print error to STDERR\n    echo \"error: The sandbox is not in sync with the Podfile.lock. Run 'pod install' or update your CocoaPods installation.\" >&2\n    exit 1\nfi\n# This output is used by Xcode 'outputs' to avoid re-running this script phase.\necho \"SUCCESS\" > \"${SCRIPT_OUTPUT_FILE_0}\"\n";
			showEnvVarsInLog = 0;
		};
		83553D27BAD14D029B2C6BA4 /* [CP] Check Pods Manifest.lock */ = {
			isa = PBXShellScriptBuildPhase;
			buildActionMask = 2147483647;
			files = (
			);
			inputFileListPaths = (
			);
			inputPaths = (
				"${PODS_PODFILE_DIR_PATH}/Podfile.lock",
				"${PODS_ROOT}/Manifest.lock",
			);
			name = "[CP] Check Pods Manifest.lock";
			outputFileListPaths = (
			);
			outputPaths = (
				"$(DERIVED_FILE_DIR)/Pods-NarcosWikiTests-checkManifestLockResult.txt",
			);
			runOnlyForDeploymentPostprocessing = 0;
			shellPath = /bin/sh;
			shellScript = "diff \"${PODS_PODFILE_DIR_PATH}/Podfile.lock\" \"${PODS_ROOT}/Manifest.lock\" > /dev/null\nif [ $? != 0 ] ; then\n    # print error to STDERR\n    echo \"error: The sandbox is not in sync with the Podfile.lock. Run 'pod install' or update your CocoaPods installation.\" >&2\n    exit 1\nfi\n# This output is used by Xcode 'outputs' to avoid re-running this script phase.\necho \"SUCCESS\" > \"${SCRIPT_OUTPUT_FILE_0}\"\n";
			showEnvVarsInLog = 0;
		};
		EC3403107F1692AC62E9555A /* [CP] Check Pods Manifest.lock */ = {
			isa = PBXShellScriptBuildPhase;
			buildActionMask = 2147483647;
			files = (
			);
			inputFileListPaths = (
			);
			inputPaths = (
				"${PODS_PODFILE_DIR_PATH}/Podfile.lock",
				"${PODS_ROOT}/Manifest.lock",
			);
			name = "[CP] Check Pods Manifest.lock";
			outputFileListPaths = (
			);
			outputPaths = (
				"$(DERIVED_FILE_DIR)/Pods-NarcosWiki-checkManifestLockResult.txt",
			);
			runOnlyForDeploymentPostprocessing = 0;
			shellPath = /bin/sh;
			shellScript = "diff \"${PODS_PODFILE_DIR_PATH}/Podfile.lock\" \"${PODS_ROOT}/Manifest.lock\" > /dev/null\nif [ $? != 0 ] ; then\n    # print error to STDERR\n    echo \"error: The sandbox is not in sync with the Podfile.lock. Run 'pod install' or update your CocoaPods installation.\" >&2\n    exit 1\nfi\n# This output is used by Xcode 'outputs' to avoid re-running this script phase.\necho \"SUCCESS\" > \"${SCRIPT_OUTPUT_FILE_0}\"\n";
			showEnvVarsInLog = 0;
		};
/* End PBXShellScriptBuildPhase section */

/* Begin PBXSourcesBuildPhase section */
		8155EE03254DF4C30044048F /* Sources */ = {
			isa = PBXSourcesBuildPhase;
			buildActionMask = 2147483647;
			files = (
				8155EEA1254E09570044048F /* Cartels.swift in Sources */,
				8155EEB9254E0A1F0044048F /* Career.swift in Sources */,
				8155EE54254DF8200044048F /* AppCoordinator.swift in Sources */,
				8155EE0B254DF4C30044048F /* AppDelegate.swift in Sources */,
				8155EE6C254DF98A0044048F /* CharactersCoordinator.swift in Sources */,
				8155EE61254DF8EE0044048F /* TabBarCoordinator.swift in Sources */,
				8155EE66254DF9790044048F /* CartelsCoordinator.swift in Sources */,
				8155EE5C254DF8420044048F /* Coordinator.swift in Sources */,
				8155EE43254DF6880044048F /* TabBarController.swift in Sources */,
				8155EE8A254E076E0044048F /* CartelsViewModel.swift in Sources */,
				8155EE9C254E09440044048F /* Cartel.swift in Sources */,
				8155EECA254E0DD70044048F /* ViewModel.swift in Sources */,
				8155EE0D254DF4C30044048F /* SceneDelegate.swift in Sources */,
				8155EE79254DFB3E0044048F /* CartelsTableViewController.swift in Sources */,
				8155EEA7254E09F00044048F /* Character.swift in Sources */,
				8155EEB4254E0A110044048F /* Appearences.swift in Sources */,
				8155EE90254E08430044048F /* CartelsRepository.swift in Sources */,
				8155EE96254E08E30044048F /* Repository.swift in Sources */,
				8155EEAF254E09FE0044048F /* ImageUrl.swift in Sources */,
			);
			runOnlyForDeploymentPostprocessing = 0;
		};
		8155EE19254DF4CD0044048F /* Sources */ = {
			isa = PBXSourcesBuildPhase;
			buildActionMask = 2147483647;
			files = (
				8155EE22254DF4CD0044048F /* NarcosWikiTests.swift in Sources */,
			);
			runOnlyForDeploymentPostprocessing = 0;
		};
		8155EE24254DF4CD0044048F /* Sources */ = {
			isa = PBXSourcesBuildPhase;
			buildActionMask = 2147483647;
			files = (
				8155EE2D254DF4CD0044048F /* NarcosWikiUITests.swift in Sources */,
			);
			runOnlyForDeploymentPostprocessing = 0;
		};
/* End PBXSourcesBuildPhase section */

/* Begin PBXTargetDependency section */
		8155EE1F254DF4CD0044048F /* PBXTargetDependency */ = {
			isa = PBXTargetDependency;
			target = 8155EE06254DF4C30044048F /* NarcosWiki */;
			targetProxy = 8155EE1E254DF4CD0044048F /* PBXContainerItemProxy */;
		};
		8155EE2A254DF4CD0044048F /* PBXTargetDependency */ = {
			isa = PBXTargetDependency;
			target = 8155EE06254DF4C30044048F /* NarcosWiki */;
			targetProxy = 8155EE29254DF4CD0044048F /* PBXContainerItemProxy */;
		};
/* End PBXTargetDependency section */

/* Begin PBXVariantGroup section */
		8155EE15254DF4CD0044048F /* LaunchScreen.storyboard */ = {
			isa = PBXVariantGroup;
			children = (
				8155EE16254DF4CD0044048F /* Base */,
			);
			name = LaunchScreen.storyboard;
			sourceTree = "<group>";
		};
/* End PBXVariantGroup section */

/* Begin XCBuildConfiguration section */
		8155EE2F254DF4CD0044048F /* Debug */ = {
			isa = XCBuildConfiguration;
			buildSettings = {
				ALWAYS_SEARCH_USER_PATHS = NO;
				CLANG_ANALYZER_NONNULL = YES;
				CLANG_ANALYZER_NUMBER_OBJECT_CONVERSION = YES_AGGRESSIVE;
				CLANG_CXX_LANGUAGE_STANDARD = "gnu++14";
				CLANG_CXX_LIBRARY = "libc++";
				CLANG_ENABLE_MODULES = YES;
				CLANG_ENABLE_OBJC_ARC = YES;
				CLANG_ENABLE_OBJC_WEAK = YES;
				CLANG_WARN_BLOCK_CAPTURE_AUTORELEASING = YES;
				CLANG_WARN_BOOL_CONVERSION = YES;
				CLANG_WARN_COMMA = YES;
				CLANG_WARN_CONSTANT_CONVERSION = YES;
				CLANG_WARN_DEPRECATED_OBJC_IMPLEMENTATIONS = YES;
				CLANG_WARN_DIRECT_OBJC_ISA_USAGE = YES_ERROR;
				CLANG_WARN_DOCUMENTATION_COMMENTS = YES;
				CLANG_WARN_EMPTY_BODY = YES;
				CLANG_WARN_ENUM_CONVERSION = YES;
				CLANG_WARN_INFINITE_RECURSION = YES;
				CLANG_WARN_INT_CONVERSION = YES;
				CLANG_WARN_NON_LITERAL_NULL_CONVERSION = YES;
				CLANG_WARN_OBJC_IMPLICIT_RETAIN_SELF = YES;
				CLANG_WARN_OBJC_LITERAL_CONVERSION = YES;
				CLANG_WARN_OBJC_ROOT_CLASS = YES_ERROR;
				CLANG_WARN_QUOTED_INCLUDE_IN_FRAMEWORK_HEADER = YES;
				CLANG_WARN_RANGE_LOOP_ANALYSIS = YES;
				CLANG_WARN_STRICT_PROTOTYPES = YES;
				CLANG_WARN_SUSPICIOUS_MOVE = YES;
				CLANG_WARN_UNGUARDED_AVAILABILITY = YES_AGGRESSIVE;
				CLANG_WARN_UNREACHABLE_CODE = YES;
				CLANG_WARN__DUPLICATE_METHOD_MATCH = YES;
				COPY_PHASE_STRIP = NO;
				DEBUG_INFORMATION_FORMAT = dwarf;
				ENABLE_STRICT_OBJC_MSGSEND = YES;
				ENABLE_TESTABILITY = YES;
				GCC_C_LANGUAGE_STANDARD = gnu11;
				GCC_DYNAMIC_NO_PIC = NO;
				GCC_NO_COMMON_BLOCKS = YES;
				GCC_OPTIMIZATION_LEVEL = 0;
				GCC_PREPROCESSOR_DEFINITIONS = (
					"DEBUG=1",
					"$(inherited)",
				);
				GCC_WARN_64_TO_32_BIT_CONVERSION = YES;
				GCC_WARN_ABOUT_RETURN_TYPE = YES_ERROR;
				GCC_WARN_UNDECLARED_SELECTOR = YES;
				GCC_WARN_UNINITIALIZED_AUTOS = YES_AGGRESSIVE;
				GCC_WARN_UNUSED_FUNCTION = YES;
				GCC_WARN_UNUSED_VARIABLE = YES;
				IPHONEOS_DEPLOYMENT_TARGET = 14.1;
				MTL_ENABLE_DEBUG_INFO = INCLUDE_SOURCE;
				MTL_FAST_MATH = YES;
				ONLY_ACTIVE_ARCH = YES;
				SDKROOT = iphoneos;
				SWIFT_ACTIVE_COMPILATION_CONDITIONS = DEBUG;
				SWIFT_OPTIMIZATION_LEVEL = "-Onone";
			};
			name = Debug;
		};
		8155EE30254DF4CD0044048F /* Release */ = {
			isa = XCBuildConfiguration;
			buildSettings = {
				ALWAYS_SEARCH_USER_PATHS = NO;
				CLANG_ANALYZER_NONNULL = YES;
				CLANG_ANALYZER_NUMBER_OBJECT_CONVERSION = YES_AGGRESSIVE;
				CLANG_CXX_LANGUAGE_STANDARD = "gnu++14";
				CLANG_CXX_LIBRARY = "libc++";
				CLANG_ENABLE_MODULES = YES;
				CLANG_ENABLE_OBJC_ARC = YES;
				CLANG_ENABLE_OBJC_WEAK = YES;
				CLANG_WARN_BLOCK_CAPTURE_AUTORELEASING = YES;
				CLANG_WARN_BOOL_CONVERSION = YES;
				CLANG_WARN_COMMA = YES;
				CLANG_WARN_CONSTANT_CONVERSION = YES;
				CLANG_WARN_DEPRECATED_OBJC_IMPLEMENTATIONS = YES;
				CLANG_WARN_DIRECT_OBJC_ISA_USAGE = YES_ERROR;
				CLANG_WARN_DOCUMENTATION_COMMENTS = YES;
				CLANG_WARN_EMPTY_BODY = YES;
				CLANG_WARN_ENUM_CONVERSION = YES;
				CLANG_WARN_INFINITE_RECURSION = YES;
				CLANG_WARN_INT_CONVERSION = YES;
				CLANG_WARN_NON_LITERAL_NULL_CONVERSION = YES;
				CLANG_WARN_OBJC_IMPLICIT_RETAIN_SELF = YES;
				CLANG_WARN_OBJC_LITERAL_CONVERSION = YES;
				CLANG_WARN_OBJC_ROOT_CLASS = YES_ERROR;
				CLANG_WARN_QUOTED_INCLUDE_IN_FRAMEWORK_HEADER = YES;
				CLANG_WARN_RANGE_LOOP_ANALYSIS = YES;
				CLANG_WARN_STRICT_PROTOTYPES = YES;
				CLANG_WARN_SUSPICIOUS_MOVE = YES;
				CLANG_WARN_UNGUARDED_AVAILABILITY = YES_AGGRESSIVE;
				CLANG_WARN_UNREACHABLE_CODE = YES;
				CLANG_WARN__DUPLICATE_METHOD_MATCH = YES;
				COPY_PHASE_STRIP = NO;
				DEBUG_INFORMATION_FORMAT = "dwarf-with-dsym";
				ENABLE_NS_ASSERTIONS = NO;
				ENABLE_STRICT_OBJC_MSGSEND = YES;
				GCC_C_LANGUAGE_STANDARD = gnu11;
				GCC_NO_COMMON_BLOCKS = YES;
				GCC_WARN_64_TO_32_BIT_CONVERSION = YES;
				GCC_WARN_ABOUT_RETURN_TYPE = YES_ERROR;
				GCC_WARN_UNDECLARED_SELECTOR = YES;
				GCC_WARN_UNINITIALIZED_AUTOS = YES_AGGRESSIVE;
				GCC_WARN_UNUSED_FUNCTION = YES;
				GCC_WARN_UNUSED_VARIABLE = YES;
				IPHONEOS_DEPLOYMENT_TARGET = 14.1;
				MTL_ENABLE_DEBUG_INFO = NO;
				MTL_FAST_MATH = YES;
				SDKROOT = iphoneos;
				SWIFT_COMPILATION_MODE = wholemodule;
				SWIFT_OPTIMIZATION_LEVEL = "-O";
				VALIDATE_PRODUCT = YES;
			};
			name = Release;
		};
		8155EE32254DF4CD0044048F /* Debug */ = {
			isa = XCBuildConfiguration;
			baseConfigurationReference = BCDCF7A91F4ABA70A28BD34A /* Pods-NarcosWiki.debug.xcconfig */;
			buildSettings = {
				ASSETCATALOG_COMPILER_APPICON_NAME = AppIcon;
				ASSETCATALOG_COMPILER_GLOBAL_ACCENT_COLOR_NAME = AccentColor;
				CODE_SIGN_STYLE = Automatic;
				INFOPLIST_FILE = NarcosWiki/Info.plist;
				LD_RUNPATH_SEARCH_PATHS = (
					"$(inherited)",
					"@executable_path/Frameworks",
				);
				PRODUCT_BUNDLE_IDENTIFIER = viniciusmesquita.NarcosWiki;
				PRODUCT_NAME = "$(TARGET_NAME)";
				SWIFT_VERSION = 5.0;
				TARGETED_DEVICE_FAMILY = "1,2";
			};
			name = Debug;
		};
		8155EE33254DF4CD0044048F /* Release */ = {
			isa = XCBuildConfiguration;
			baseConfigurationReference = 525FB05C4C1DB0006F16901F /* Pods-NarcosWiki.release.xcconfig */;
			buildSettings = {
				ASSETCATALOG_COMPILER_APPICON_NAME = AppIcon;
				ASSETCATALOG_COMPILER_GLOBAL_ACCENT_COLOR_NAME = AccentColor;
				CODE_SIGN_STYLE = Automatic;
				INFOPLIST_FILE = NarcosWiki/Info.plist;
				LD_RUNPATH_SEARCH_PATHS = (
					"$(inherited)",
					"@executable_path/Frameworks",
				);
				PRODUCT_BUNDLE_IDENTIFIER = viniciusmesquita.NarcosWiki;
				PRODUCT_NAME = "$(TARGET_NAME)";
				SWIFT_VERSION = 5.0;
				TARGETED_DEVICE_FAMILY = "1,2";
			};
			name = Release;
		};
		8155EE35254DF4CD0044048F /* Debug */ = {
			isa = XCBuildConfiguration;
			baseConfigurationReference = 193FB65C7E7342001302FA3A /* Pods-NarcosWikiTests.debug.xcconfig */;
			buildSettings = {
				ALWAYS_EMBED_SWIFT_STANDARD_LIBRARIES = YES;
				BUNDLE_LOADER = "$(TEST_HOST)";
				CODE_SIGN_STYLE = Automatic;
				INFOPLIST_FILE = NarcosWikiTests/Info.plist;
				IPHONEOS_DEPLOYMENT_TARGET = 14.1;
				LD_RUNPATH_SEARCH_PATHS = (
					"$(inherited)",
					"@executable_path/Frameworks",
					"@loader_path/Frameworks",
				);
				PRODUCT_BUNDLE_IDENTIFIER = viniciusmesquita.NarcosWikiTests;
				PRODUCT_NAME = "$(TARGET_NAME)";
				SWIFT_VERSION = 5.0;
				TARGETED_DEVICE_FAMILY = "1,2";
				TEST_HOST = "$(BUILT_PRODUCTS_DIR)/NarcosWiki.app/NarcosWiki";
			};
			name = Debug;
		};
		8155EE36254DF4CD0044048F /* Release */ = {
			isa = XCBuildConfiguration;
			baseConfigurationReference = 784034B9C58E249A82E4C41C /* Pods-NarcosWikiTests.release.xcconfig */;
			buildSettings = {
				ALWAYS_EMBED_SWIFT_STANDARD_LIBRARIES = YES;
				BUNDLE_LOADER = "$(TEST_HOST)";
				CODE_SIGN_STYLE = Automatic;
				INFOPLIST_FILE = NarcosWikiTests/Info.plist;
				IPHONEOS_DEPLOYMENT_TARGET = 14.1;
				LD_RUNPATH_SEARCH_PATHS = (
					"$(inherited)",
					"@executable_path/Frameworks",
					"@loader_path/Frameworks",
				);
				PRODUCT_BUNDLE_IDENTIFIER = viniciusmesquita.NarcosWikiTests;
				PRODUCT_NAME = "$(TARGET_NAME)";
				SWIFT_VERSION = 5.0;
				TARGETED_DEVICE_FAMILY = "1,2";
				TEST_HOST = "$(BUILT_PRODUCTS_DIR)/NarcosWiki.app/NarcosWiki";
			};
			name = Release;
		};
		8155EE38254DF4CD0044048F /* Debug */ = {
			isa = XCBuildConfiguration;
			baseConfigurationReference = C22BB729D46BCE8EB56E2724 /* Pods-NarcosWiki-NarcosWikiUITests.debug.xcconfig */;
			buildSettings = {
				ALWAYS_EMBED_SWIFT_STANDARD_LIBRARIES = YES;
				CODE_SIGN_STYLE = Automatic;
				INFOPLIST_FILE = NarcosWikiUITests/Info.plist;
				LD_RUNPATH_SEARCH_PATHS = (
					"$(inherited)",
					"@executable_path/Frameworks",
					"@loader_path/Frameworks",
				);
				PRODUCT_BUNDLE_IDENTIFIER = viniciusmesquita.NarcosWikiUITests;
				PRODUCT_NAME = "$(TARGET_NAME)";
				SWIFT_VERSION = 5.0;
				TARGETED_DEVICE_FAMILY = "1,2";
				TEST_TARGET_NAME = NarcosWiki;
			};
			name = Debug;
		};
		8155EE39254DF4CD0044048F /* Release */ = {
			isa = XCBuildConfiguration;
			baseConfigurationReference = 66AE107409BFB167047F4D0B /* Pods-NarcosWiki-NarcosWikiUITests.release.xcconfig */;
			buildSettings = {
				ALWAYS_EMBED_SWIFT_STANDARD_LIBRARIES = YES;
				CODE_SIGN_STYLE = Automatic;
				INFOPLIST_FILE = NarcosWikiUITests/Info.plist;
				LD_RUNPATH_SEARCH_PATHS = (
					"$(inherited)",
					"@executable_path/Frameworks",
					"@loader_path/Frameworks",
				);
				PRODUCT_BUNDLE_IDENTIFIER = viniciusmesquita.NarcosWikiUITests;
				PRODUCT_NAME = "$(TARGET_NAME)";
				SWIFT_VERSION = 5.0;
				TARGETED_DEVICE_FAMILY = "1,2";
				TEST_TARGET_NAME = NarcosWiki;
			};
			name = Release;
		};
/* End XCBuildConfiguration section */

/* Begin XCConfigurationList section */
		8155EE02254DF4C30044048F /* Build configuration list for PBXProject "NarcosWiki" */ = {
			isa = XCConfigurationList;
			buildConfigurations = (
				8155EE2F254DF4CD0044048F /* Debug */,
				8155EE30254DF4CD0044048F /* Release */,
			);
			defaultConfigurationIsVisible = 0;
			defaultConfigurationName = Release;
		};
		8155EE31254DF4CD0044048F /* Build configuration list for PBXNativeTarget "NarcosWiki" */ = {
			isa = XCConfigurationList;
			buildConfigurations = (
				8155EE32254DF4CD0044048F /* Debug */,
				8155EE33254DF4CD0044048F /* Release */,
			);
			defaultConfigurationIsVisible = 0;
			defaultConfigurationName = Release;
		};
		8155EE34254DF4CD0044048F /* Build configuration list for PBXNativeTarget "NarcosWikiTests" */ = {
			isa = XCConfigurationList;
			buildConfigurations = (
				8155EE35254DF4CD0044048F /* Debug */,
				8155EE36254DF4CD0044048F /* Release */,
			);
			defaultConfigurationIsVisible = 0;
			defaultConfigurationName = Release;
		};
		8155EE37254DF4CD0044048F /* Build configuration list for PBXNativeTarget "NarcosWikiUITests" */ = {
			isa = XCConfigurationList;
			buildConfigurations = (
				8155EE38254DF4CD0044048F /* Debug */,
				8155EE39254DF4CD0044048F /* Release */,
			);
			defaultConfigurationIsVisible = 0;
			defaultConfigurationName = Release;
		};
/* End XCConfigurationList section */
	};
	rootObject = 8155EDFF254DF4C30044048F /* Project object */;
}
